{
  "name": "@chunkflow/shared",
  "version": "0.0.0",
  "lockfileVersion": 3,
  "requires": true,
  "packages": {
    "": {
      "name": "@chunkflow/shared",
      "version": "0.0.0",
      "license": "MIT",
      "dependencies": {
        "mitt": "^3.0.1",
        "p-limit": "^5.0.0",
        "spark-md5": "^3.0.2"
      },
      "devDependencies": {
        "@types/spark-md5": "^3.0.4",
        "happy-dom": "^20.4.0",
        "tsdown": "^0.2.15",
        "typescript": "^5.5.0",
        "vitest": "^2.0.0"
      }
    },
    "../../node_modules/.pnpm/@types+spark-md5@3.0.5/node_modules/@types/spark-md5": {
      "version": "3.0.5",
      "dev": true,
      "license": "MIT"
    },
    "../../node_modules/.pnpm/mitt@3.0.1/node_modules/mitt": {
      "version": "3.0.1",
      "license": "MIT",
      "devDependencies": {
        "@types/chai": "^4.2.11",
        "@types/mocha": "^7.0.2",
        "@types/sinon": "^9.0.4",
        "@types/sinon-chai": "^3.2.4",
        "@typescript-eslint/eslint-plugin": "^5.61.0",
        "@typescript-eslint/parser": "^5.61.0",
        "chai": "^4.2.0",
        "documentation": "^14.0.2",
        "eslint": "^7.32.0",
        "eslint-config-developit": "^1.2.0",
        "eslint-plugin-compat": "^4.1.4",
        "esm": "^3.2.25",
        "microbundle": "^0.12.3",
        "mocha": "^8.0.1",
        "npm-run-all": "^4.1.5",
        "prettier": "^2.8.8",
        "rimraf": "^3.0.2",
        "sinon": "^9.0.2",
        "sinon-chai": "^3.5.0",
        "ts-node": "^10.9.1",
        "typescript": "^4.9.5"
      }
    },
    "../../node_modules/.pnpm/p-limit@5.0.0/node_modules/p-limit": {
      "version": "5.0.0",
      "license": "MIT",
      "dependencies": {
        "yocto-queue": "^1.0.0"
      },
      "devDependencies": {
        "ava": "^5.3.1",
        "delay": "^6.0.0",
        "in-range": "^3.0.0",
        "random-int": "^3.0.0",
        "time-span": "^5.1.0",
        "tsd": "^0.29.0",
        "xo": "^0.56.0"
      },
      "engines": {
        "node": ">=18"
      },
      "funding": {
        "url": "https://github.com/sponsors/sindresorhus"
      }
    },
    "../../node_modules/.pnpm/spark-md5@3.0.2/node_modules/spark-md5": {
      "version": "3.0.2",
      "license": "(WTFPL OR MIT)",
      "devDependencies": {
        "uglify-js": "^3.0.0"
      }
    },
    "../../node_modules/.pnpm/tsdown@0.2.17_rollup@4.57.0_typescript@5.9.3/node_modules/tsdown": {
      "version": "0.2.17",
      "dev": true,
      "license": "MIT",
      "dependencies": {
        "cac": "^6.7.14",
        "chokidar": "^4.0.1",
        "consola": "^3.2.3",
        "picocolors": "^1.1.0",
        "pkg-types": "^1.2.0",
        "rolldown": "nightly",
        "tinyglobby": "^0.2.6",
        "unconfig": "^0.6.0",
        "unplugin-isolated-decl": "^0.6.5",
        "unplugin-unused": "^0.2.3"
      },
      "bin": {
        "tsdown": "bin/tsdown.js"
      },
      "devDependencies": {
        "@sxzz/eslint-config": "^4.2.0",
        "@sxzz/prettier-config": "^2.0.2",
        "@types/node": "^22.7.4",
        "bumpp": "^9.6.1",
        "eslint": "^9.11.1",
        "execa": "^9.4.0",
        "fdir": "^6.3.0",
        "prettier": "^3.3.3",
        "tsup": "^8.3.0",
        "tsx": "^4.19.1",
        "typescript": "~5.6.2",
        "vitest": "^2.1.1"
      },
      "engines": {
        "node": ">=18.0.0"
      }
    },
    "../../node_modules/.pnpm/typescript@5.9.3/node_modules/typescript": {
      "version": "5.9.3",
      "dev": true,
      "license": "Apache-2.0",
      "bin": {
        "tsc": "bin/tsc",
        "tsserver": "bin/tsserver"
      },
      "devDependencies": {
        "@dprint/formatter": "^0.4.1",
        "@dprint/typescript": "0.93.4",
        "@esfx/canceltoken": "^1.0.0",
        "@eslint/js": "^9.20.0",
        "@octokit/rest": "^21.1.1",
        "@types/chai": "^4.3.20",
        "@types/diff": "^7.0.1",
        "@types/minimist": "^1.2.5",
        "@types/mocha": "^10.0.10",
        "@types/ms": "^0.7.34",
        "@types/node": "latest",
        "@types/source-map-support": "^0.5.10",
        "@types/which": "^3.0.4",
        "@typescript-eslint/rule-tester": "^8.24.1",
        "@typescript-eslint/type-utils": "^8.24.1",
        "@typescript-eslint/utils": "^8.24.1",
        "azure-devops-node-api": "^14.1.0",
        "c8": "^10.1.3",
        "chai": "^4.5.0",
        "chokidar": "^4.0.3",
        "diff": "^7.0.0",
        "dprint": "^0.49.0",
        "esbuild": "^0.25.0",
        "eslint": "^9.20.1",
        "eslint-formatter-autolinkable-stylish": "^1.4.0",
        "eslint-plugin-regexp": "^2.7.0",
        "fast-xml-parser": "^4.5.2",
        "glob": "^10.4.5",
        "globals": "^15.15.0",
        "hereby": "^1.10.0",
        "jsonc-parser": "^3.3.1",
        "knip": "^5.44.4",
        "minimist": "^1.2.8",
        "mocha": "^10.8.2",
        "mocha-fivemat-progress-reporter": "^0.1.0",
        "monocart-coverage-reports": "^2.12.1",
        "ms": "^2.1.3",
        "picocolors": "^1.1.1",
        "playwright": "^1.50.1",
        "source-map-support": "^0.5.21",
        "tslib": "^2.8.1",
        "typescript": "^5.7.3",
        "typescript-eslint": "^8.24.1",
        "which": "^3.0.1"
      },
      "engines": {
        "node": ">=14.17"
      }
    },
    "../../node_modules/.pnpm/vitest@2.1.9_@types+node@20.19.30/node_modules/vitest": {
      "version": "2.1.9",
      "dev": true,
      "license": "MIT",
      "dependencies": {
        "@vitest/expect": "2.1.9",
        "@vitest/mocker": "2.1.9",
        "@vitest/pretty-format": "^2.1.9",
        "@vitest/runner": "2.1.9",
        "@vitest/snapshot": "2.1.9",
        "@vitest/spy": "2.1.9",
        "@vitest/utils": "2.1.9",
        "chai": "^5.1.2",
        "debug": "^4.3.7",
        "expect-type": "^1.1.0",
        "magic-string": "^0.30.12",
        "pathe": "^1.1.2",
        "std-env": "^3.8.0",
        "tinybench": "^2.9.0",
        "tinyexec": "^0.3.1",
        "tinypool": "^1.0.1",
        "tinyrainbow": "^1.2.0",
        "vite": "^5.0.0",
        "vite-node": "2.1.9",
        "why-is-node-running": "^2.3.0"
      },
      "bin": {
        "vitest": "vitest.mjs"
      },
      "devDependencies": {
        "@ampproject/remapping": "^2.3.0",
        "@antfu/install-pkg": "^0.4.1",
        "@edge-runtime/vm": "^4.0.4",
        "@sinonjs/fake-timers": "11.1.0",
        "@types/debug": "^4.1.12",
        "@types/estree": "^1.0.6",
        "@types/istanbul-lib-coverage": "^2.0.6",
        "@types/istanbul-reports": "^3.0.4",
        "@types/jsdom": "^21.1.7",
        "@types/micromatch": "^4.0.9",
        "@types/node": "^22.9.0",
        "@types/prompts": "^2.4.9",
        "@types/sinonjs__fake-timers": "^8.1.5",
        "acorn-walk": "^8.3.4",
        "birpc": "0.2.19",
        "cac": "^6.7.14",
        "chai-subset": "^1.6.0",
        "cli-truncate": "^4.0.0",
        "fast-glob": "3.3.2",
        "find-up": "^6.3.0",
        "flatted": "^3.3.1",
        "get-tsconfig": "^4.8.1",
        "happy-dom": "^15.11.4",
        "jsdom": "^25.0.1",
        "local-pkg": "^0.5.0",
        "log-update": "^5.0.1",
        "micromatch": "^4.0.8",
        "pretty-format": "^29.7.0",
        "prompts": "^2.4.2",
        "strip-literal": "^2.1.0",
        "ws": "^8.18.0"
      },
      "engines": {
        "node": "^18.0.0 || >=20.0.0"
      },
      "funding": {
        "url": "https://opencollective.com/vitest"
      },
      "peerDependencies": {
        "@edge-runtime/vm": "*",
        "@types/node": "^18.0.0 || >=20.0.0",
        "@vitest/browser": "2.1.9",
        "@vitest/ui": "2.1.9",
        "happy-dom": "*",
        "jsdom": "*"
      },
      "peerDependenciesMeta": {
        "@edge-runtime/vm": {
          "optional": true
        },
        "@types/node": {
          "optional": true
        },
        "@vitest/browser": {
          "optional": true
        },
        "@vitest/ui": {
          "optional": true
        },
        "happy-dom": {
          "optional": true
        },
        "jsdom": {
          "optional": true
        }
      }
    },
    "node_modules/@types/node": {
      "version": "25.1.0",
      "resolved": "https://registry.npmjs.org/@types/node/-/node-25.1.0.tgz",
      "integrity": "sha512-t7frlewr6+cbx+9Ohpl0NOTKXZNV9xHRmNOvql47BFJKcEG1CxtxlPEEe+gR9uhVWM4DwhnvTF110mIL4yP9RA==",
      "dev": true,
      "license": "MIT",
      "dependencies": {
        "undici-types": "~7.16.0"
      }
    },
    "node_modules/@types/spark-md5": {
      "resolved": "../../node_modules/.pnpm/@types+spark-md5@3.0.5/node_modules/@types/spark-md5",
      "link": true
    },
    "node_modules/@types/whatwg-mimetype": {
      "version": "3.0.2",
      "resolved": "https://registry.npmjs.org/@types/whatwg-mimetype/-/whatwg-mimetype-3.0.2.tgz",
      "integrity": "sha512-c2AKvDT8ToxLIOUlN51gTiHXflsfIFisS4pO7pDPoKouJCESkhZnEy623gwP9laCy5lnLDAw1vAzu2vM2YLOrA==",
      "dev": true,
      "license": "MIT"
    },
    "node_modules/@types/ws": {
      "version": "8.18.1",
      "resolved": "https://registry.npmjs.org/@types/ws/-/ws-8.18.1.tgz",
      "integrity": "sha512-ThVF6DCVhA8kUGy+aazFQ4kXQ7E1Ty7A3ypFOe0IcJV8O/M511G99AW24irKrW56Wt44yG9+ij8FaqoBGkuBXg==",
      "dev": true,
      "license": "MIT",
      "dependencies": {
        "@types/node": "*"
      }
    },
    "node_modules/entities": {
      "version": "4.5.0",
      "resolved": "https://registry.npmjs.org/entities/-/entities-4.5.0.tgz",
      "integrity": "sha512-V0hjH4dGPh9Ao5p0MoRY6BVqtwCjhz6vI5LT8AJ55H+4g9/4vbHx1I54fS0XuclLhDHArPQCiMjDxjaL8fPxhw==",
      "dev": true,
      "license": "BSD-2-Clause",
      "engines": {
        "node": ">=0.12"
      },
      "funding": {
        "url": "https://github.com/fb55/entities?sponsor=1"
      }
    },
    "node_modules/happy-dom": {
      "version": "20.4.0",
      "resolved": "https://registry.npmjs.org/happy-dom/-/happy-dom-20.4.0.tgz",
      "integrity": "sha512-RDeQm3dT9n0A5f/TszjUmNCLEuPnMGv3Tv4BmNINebz/h17PA6LMBcxJ5FrcqltNBMh9jA/8ufgDdBYUdBt+eg==",
      "dev": true,
      "license": "MIT",
      "dependencies": {
        "@types/node": ">=20.0.0",
        "@types/whatwg-mimetype": "^3.0.2",
        "@types/ws": "^8.18.1",
        "entities": "^4.5.0",
        "whatwg-mimetype": "^3.0.0",
        "ws": "^8.18.3"
      },
      "engines": {
        "node": ">=20.0.0"
      }
    },
    "node_modules/mitt": {
      "resolved": "../../node_modules/.pnpm/mitt@3.0.1/node_modules/mitt",
      "link": true
    },
    "node_modules/p-limit": {
      "resolved": "../../node_modules/.pnpm/p-limit@5.0.0/node_modules/p-limit",
      "link": true
    },
    "node_modules/spark-md5": {
      "resolved": "../../node_modules/.pnpm/spark-md5@3.0.2/node_modules/spark-md5",
      "link": true
    },
    "node_modules/tsdown": {
      "resolved": "../../node_modules/.pnpm/tsdown@0.2.17_rollup@4.57.0_typescript@5.9.3/node_modules/tsdown",
      "link": true
    },
    "node_modules/typescript": {
      "resolved": "../../node_modules/.pnpm/typescript@5.9.3/node_modules/typescript",
      "link": true
    },
    "node_modules/undici-types": {
      "version": "7.16.0",
      "resolved": "https://registry.npmjs.org/undici-types/-/undici-types-7.16.0.tgz",
      "integrity": "sha512-Zz+aZWSj8LE6zoxD+xrjh4VfkIG8Ya6LvYkZqtUQGJPZjYl53ypCaUwWqo7eI0x66KBGeRo+mlBEkMSeSZ38Nw==",
      "dev": true,
      "license": "MIT"
    },
    "node_modules/vitest": {
      "resolved": "../../node_modules/.pnpm/vitest@2.1.9_@types+node@20.19.30/node_modules/vitest",
      "link": true
    },
    "node_modules/whatwg-mimetype": {
      "version": "3.0.0",
      "resolved": "https://registry.npmjs.org/whatwg-mimetype/-/whatwg-mimetype-3.0.0.tgz",
      "integrity": "sha512-nt+N2dzIutVRxARx1nghPKGv1xHikU7HKdfafKkLNLindmPU/ch3U31NOCGGA/dmPcmb1VlofO0vnKAcsm0o/Q==",
      "dev": true,
      "license": "MIT",
      "engines": {
        "node": ">=12"
      }
    },
    "node_modules/ws": {
      "version": "8.19.0",
      "resolved": "https://registry.npmjs.org/ws/-/ws-8.19.0.tgz",
      "integrity": "sha512-blAT2mjOEIi0ZzruJfIhb3nps74PRWTCz1IjglWEEpQl5XS/UNama6u2/rjFkDDouqr4L67ry+1aGIALViWjDg==",
      "dev": true,
      "license": "MIT",
      "engines": {
        "node": ">=10.0.0"
      },
      "peerDependencies": {
        "bufferutil": "^4.0.1",
        "utf-8-validate": ">=5.0.2"
      },
      "peerDependenciesMeta": {
        "bufferutil": {
          "optional": true
        },
        "utf-8-validate": {
          "optional": true
        }
      }
    }
  }
}
